// !$*UTF8*$!
{
	archiveVersion = 1;
	classes = {
	};
	objectVersion = 48;
	objects = {

/* Begin PBXBuildFile section */
		A609E2C11F59642B0088DEDA /* XCTestCase+CLKAdditions.m in Sources */ = {isa = PBXBuildFile; fileRef = A609E2C01F59642B0088DEDA /* XCTestCase+CLKAdditions.m */; };
		A609E2C51F5B6D580088DEDA /* CLKArgumentManifestValidator.h in Headers */ = {isa = PBXBuildFile; fileRef = A609E2C31F5B6D570088DEDA /* CLKArgumentManifestValidator.h */; };
		A609E2C61F5B6D580088DEDA /* CLKArgumentManifestValidator.m in Sources */ = {isa = PBXBuildFile; fileRef = A609E2C41F5B6D570088DEDA /* CLKArgumentManifestValidator.m */; };
		A609E2DC1F5D1BAB0088DEDA /* CLKError.h in Headers */ = {isa = PBXBuildFile; fileRef = A609E2DA1F5D1BAB0088DEDA /* CLKError.h */; };
		A609E2DD1F5D1BAB0088DEDA /* CLKError.m in Sources */ = {isa = PBXBuildFile; fileRef = A609E2DB1F5D1BAB0088DEDA /* CLKError.m */; };
		A609E2DF1F5D2A300088DEDA /* Test_CLKArgumentManifestValidator.m in Sources */ = {isa = PBXBuildFile; fileRef = A609E2DE1F5D2A300088DEDA /* Test_CLKArgumentManifestValidator.m */; };
		A61030EE1F11D06F00AB2033 /* Test_CLKAssert.m in Sources */ = {isa = PBXBuildFile; fileRef = A61030ED1F11D06F00AB2033 /* Test_CLKAssert.m */; };
		A62FA2872029BF5B003FAEBB /* ConstraintValidationSpec.m in Sources */ = {isa = PBXBuildFile; fileRef = A62FA2862029BF5B003FAEBB /* ConstraintValidationSpec.m */; };
		A634BCD4204BDD1200E2BA10 /* CEVariantTag.m in Sources */ = {isa = PBXBuildFile; fileRef = A634BCD3204BDD1200E2BA10 /* CEVariantTag.m */; };
		A634BCD7204BDF8E00E2BA10 /* Test_CEVariantTag.m in Sources */ = {isa = PBXBuildFile; fileRef = A634BCD6204BDF8E00E2BA10 /* Test_CEVariantTag.m */; };
		A634BCDA204BF96800E2BA10 /* CETemplateSeries.m in Sources */ = {isa = PBXBuildFile; fileRef = A634BCD9204BF96800E2BA10 /* CETemplateSeries.m */; };
		A634BCDC204C00A800E2BA10 /* Test_CETemplateSeries.m in Sources */ = {isa = PBXBuildFile; fileRef = A634BCDB204C00A800E2BA10 /* Test_CETemplateSeries.m */; };
		A634BCDF204C047E00E2BA10 /* CETemplate.m in Sources */ = {isa = PBXBuildFile; fileRef = A634BCDE204C047E00E2BA10 /* CETemplate.m */; };
		A634BCE1204C074700E2BA10 /* Test_CETemplate.m in Sources */ = {isa = PBXBuildFile; fileRef = A634BCE0204C074700E2BA10 /* Test_CETemplate.m */; };
		A634BCE4204C0F9600E2BA10 /* CEVariant.m in Sources */ = {isa = PBXBuildFile; fileRef = A634BCE3204C0F9600E2BA10 /* CEVariant.m */; };
		A634BCE6204C10E400E2BA10 /* Test_CEVariant.m in Sources */ = {isa = PBXBuildFile; fileRef = A634BCE5204C10E400E2BA10 /* Test_CEVariant.m */; };
		A634BCE9204C13C500E2BA10 /* CECombination.m in Sources */ = {isa = PBXBuildFile; fileRef = A634BCE8204C13C500E2BA10 /* CECombination.m */; };
		A634BCEC204C174F00E2BA10 /* Test_CECombination.m in Sources */ = {isa = PBXBuildFile; fileRef = A634BCEB204C174F00E2BA10 /* Test_CECombination.m */; };
		A6527C451F0A397C00BF6FAE /* Test_CLKVerbDepot.m in Sources */ = {isa = PBXBuildFile; fileRef = A6527C441F0A397C00BF6FAE /* Test_CLKVerbDepot.m */; };
		A66A9DE31F02294800456347 /* main.m in Sources */ = {isa = PBXBuildFile; fileRef = A66A9DE21F02294800456347 /* main.m */; };
		A66A9DF31F02406F00456347 /* Test_CLKOption.m in Sources */ = {isa = PBXBuildFile; fileRef = A66A9DF21F02406F00456347 /* Test_CLKOption.m */; };
		A66A9E011F037A9400456347 /* Test_CLKArgumentManifest.m in Sources */ = {isa = PBXBuildFile; fileRef = A66A9E001F037A9400456347 /* Test_CLKArgumentManifest.m */; };
		A66A9E071F03A14400456347 /* Test_CLKArgumentParser.m in Sources */ = {isa = PBXBuildFile; fileRef = A66A9E061F03A14400456347 /* Test_CLKArgumentParser.m */; };
		A66A9E0F1F04219E00456347 /* Test_CLKAdditions.m in Sources */ = {isa = PBXBuildFile; fileRef = A66A9E0E1F04219E00456347 /* Test_CLKAdditions.m */; };
		A674001F2003209E00910474 /* CLKOptionGroup.h in Headers */ = {isa = PBXBuildFile; fileRef = A674001D2003209E00910474 /* CLKOptionGroup.h */; };
		A67400202003209E00910474 /* CLKOptionGroup.m in Sources */ = {isa = PBXBuildFile; fileRef = A674001E2003209E00910474 /* CLKOptionGroup.m */; };
		A67BF0E71F07A61A0091B233 /* Test_ArgumentTransformers.m in Sources */ = {isa = PBXBuildFile; fileRef = A67BF0E61F07A61A0091B233 /* Test_ArgumentTransformers.m */; };
		A6A91ABA20577F78001B81CF /* CEGenerator.m in Sources */ = {isa = PBXBuildFile; fileRef = A6A91AB920577F78001B81CF /* CEGenerator.m */; };
		A6A91ABC2057CA2A001B81CF /* Test_CEGenerator.m in Sources */ = {isa = PBXBuildFile; fileRef = A6A91ABB2057CA2A001B81CF /* Test_CEGenerator.m */; };
		A6A91ABF205A440E001B81CF /* CEVariantBuilder.m in Sources */ = {isa = PBXBuildFile; fileRef = A6A91ABE205A440E001B81CF /* CEVariantBuilder.m */; };
		A6A91AC1205A5123001B81CF /* Test_CEVariantBuilder.m in Sources */ = {isa = PBXBuildFile; fileRef = A6A91AC0205A5123001B81CF /* Test_CEVariantBuilder.m */; };
		A6A91AC5205B1E15001B81CF /* CEGenerator+Building.m in Sources */ = {isa = PBXBuildFile; fileRef = A6A91AC4205B1E15001B81CF /* CEGenerator+Building.m */; };
		A6B0D30C200E006000BF6300 /* CLKError_Private.h in Headers */ = {isa = PBXBuildFile; fileRef = A6B0D30B200E006000BF6300 /* CLKError_Private.h */; };
		A6BB1B3D2032F1A900927BD9 /* CLKOptionRegistry.h in Headers */ = {isa = PBXBuildFile; fileRef = A6BB1B3B2032F1A900927BD9 /* CLKOptionRegistry.h */; };
		A6BB1B3E2032F1A900927BD9 /* CLKOptionRegistry.m in Sources */ = {isa = PBXBuildFile; fileRef = A6BB1B3C2032F1A900927BD9 /* CLKOptionRegistry.m */; };
		A6BB1B402033F74A00927BD9 /* Test_CLKOptionRegistry.m in Sources */ = {isa = PBXBuildFile; fileRef = A6BB1B3F2033F74A00927BD9 /* Test_CLKOptionRegistry.m */; };
		A6C5F9012054EA410004E039 /* CEVariantSourceView.m in Sources */ = {isa = PBXBuildFile; fileRef = A6C5F9002054EA410004E039 /* CEVariantSourceView.m */; };
		A6C5F9042054EBFB0004E039 /* CEVariantView.m in Sources */ = {isa = PBXBuildFile; fileRef = A6C5F9032054EBFB0004E039 /* CEVariantView.m */; };
		A6C5F90620550DD40004E039 /* Test_CEVariantSourceView.m in Sources */ = {isa = PBXBuildFile; fileRef = A6C5F90520550DD40004E039 /* Test_CEVariantSourceView.m */; };
		A6C5F9082055186D0004E039 /* Test_CEVariantView.m in Sources */ = {isa = PBXBuildFile; fileRef = A6C5F9072055186D0004E039 /* Test_CEVariantView.m */; };
		A6CFEAA0200CB1350009B8D2 /* CLKArgumentManifestConstraint.h in Headers */ = {isa = PBXBuildFile; fileRef = A6CFEA9E200CB1350009B8D2 /* CLKArgumentManifestConstraint.h */; };
		A6CFEAA1200CB1350009B8D2 /* CLKArgumentManifestConstraint.m in Sources */ = {isa = PBXBuildFile; fileRef = A6CFEA9F200CB1350009B8D2 /* CLKArgumentManifestConstraint.m */; };
		A6CFEAA3200CB72A0009B8D2 /* Test_CLKArgumentManifestConstraint.m in Sources */ = {isa = PBXBuildFile; fileRef = A6CFEAA2200CB72A0009B8D2 /* Test_CLKArgumentManifestConstraint.m */; };
		A6CFEAA5200D39910009B8D2 /* Test_CLKOptionGroup.m in Sources */ = {isa = PBXBuildFile; fileRef = A6CFEAA4200D39910009B8D2 /* Test_CLKOptionGroup.m */; };
		A6E34F6B202C59E900CE22E1 /* ArgumentParserSpec.m in Sources */ = {isa = PBXBuildFile; fileRef = A6E34F6A202C59E900CE22E1 /* ArgumentParserSpec.m */; };
		A6E478D61F133AB80081EB82 /* NSArray+CLKAdditions.m in Sources */ = {isa = PBXBuildFile; fileRef = A66A9E0C1F041DE600456347 /* NSArray+CLKAdditions.m */; };
		A6E478D71F133AB80081EB82 /* NSError+CLKAdditions.m in Sources */ = {isa = PBXBuildFile; fileRef = A6794E621F0F82D8004FEA4A /* NSError+CLKAdditions.m */; };
		A6E478D81F133AB80081EB82 /* NSMutableArray+CLKAdditions.m in Sources */ = {isa = PBXBuildFile; fileRef = A66A9E031F03968A00456347 /* NSMutableArray+CLKAdditions.m */; };
		A6E478D91F133AB80081EB82 /* CLKArgumentTransformer.m in Sources */ = {isa = PBXBuildFile; fileRef = A6527C391F0A2D0C00BF6FAE /* CLKArgumentTransformer.m */; };
		A6E478DA1F133AB80081EB82 /* CLKOption.m in Sources */ = {isa = PBXBuildFile; fileRef = A66A9DEA1F023CE200456347 /* CLKOption.m */; };
		A6E478DB1F133AB80081EB82 /* CLKArgumentManifest.m in Sources */ = {isa = PBXBuildFile; fileRef = A66A9DFD1F02DF4300456347 /* CLKArgumentManifest.m */; };
		A6E478DC1F133AB80081EB82 /* CLKArgumentParser.m in Sources */ = {isa = PBXBuildFile; fileRef = A66A9DFA1F0241DB00456347 /* CLKArgumentParser.m */; };
		A6E478DD1F133AB80081EB82 /* CLKVerb.m in Sources */ = {isa = PBXBuildFile; fileRef = A6527C3E1F0A31E300BF6FAE /* CLKVerb.m */; };
		A6E478DE1F133AB80081EB82 /* CLKVerbDepot.m in Sources */ = {isa = PBXBuildFile; fileRef = A6527C3C1F0A31E300BF6FAE /* CLKVerbDepot.m */; };
		A6E478FC1F1347530081EB82 /* libCLKit.a in Frameworks */ = {isa = PBXBuildFile; fileRef = A6E478CD1F133A780081EB82 /* libCLKit.a */; };
		A6E478FF1F13475B0081EB82 /* libCLKit.a in Frameworks */ = {isa = PBXBuildFile; fileRef = A6E478CD1F133A780081EB82 /* libCLKit.a */; };
		A6E9BC23203A173E001B7095 /* CEVariantSource.m in Sources */ = {isa = PBXBuildFile; fileRef = A6E9BC21203A173E001B7095 /* CEVariantSource.m */; };
		A6E9BC27203A17AE001B7095 /* Test_CEVariantSource.m in Sources */ = {isa = PBXBuildFile; fileRef = A6E9BC25203A17AE001B7095 /* Test_CEVariantSource.m */; };
/* End PBXBuildFile section */

/* Begin PBXContainerItemProxy section */
		A6E478FA1F13474A0081EB82 /* PBXContainerItemProxy */ = {
			isa = PBXContainerItemProxy;
			containerPortal = A66A9DD71F02294800456347 /* Project object */;
			proxyType = 1;
			remoteGlobalIDString = A6E478CC1F133A780081EB82;
			remoteInfo = CLKit;
		};
		A6E478FD1F1347570081EB82 /* PBXContainerItemProxy */ = {
			isa = PBXContainerItemProxy;
			containerPortal = A66A9DD71F02294800456347 /* Project object */;
			proxyType = 1;
			remoteGlobalIDString = A6E478CC1F133A780081EB82;
			remoteInfo = CLKit;
		};
/* End PBXContainerItemProxy section */

/* Begin PBXCopyFilesBuildPhase section */
		A66A9DDD1F02294800456347 /* CopyFiles */ = {
			isa = PBXCopyFilesBuildPhase;
			buildActionMask = 2147483647;
			dstPath = /usr/share/man/man1/;
			dstSubfolderSpec = 0;
			files = (
			);
			runOnlyForDeploymentPostprocessing = 1;
		};
/* End PBXCopyFilesBuildPhase section */

/* Begin PBXFileReference section */
		A609E2C01F59642B0088DEDA /* XCTestCase+CLKAdditions.m */ = {isa = PBXFileReference; lastKnownFileType = sourcecode.c.objc; path = "XCTestCase+CLKAdditions.m"; sourceTree = "<group>"; };
		A609E2C21F5964670088DEDA /* XCTestCase+CLKAdditions.h */ = {isa = PBXFileReference; lastKnownFileType = sourcecode.c.h; path = "XCTestCase+CLKAdditions.h"; sourceTree = "<group>"; };
		A609E2C31F5B6D570088DEDA /* CLKArgumentManifestValidator.h */ = {isa = PBXFileReference; lastKnownFileType = sourcecode.c.h; path = CLKArgumentManifestValidator.h; sourceTree = "<group>"; };
		A609E2C41F5B6D570088DEDA /* CLKArgumentManifestValidator.m */ = {isa = PBXFileReference; lastKnownFileType = sourcecode.c.objc; path = CLKArgumentManifestValidator.m; sourceTree = "<group>"; };
		A609E2DA1F5D1BAB0088DEDA /* CLKError.h */ = {isa = PBXFileReference; lastKnownFileType = sourcecode.c.h; path = CLKError.h; sourceTree = "<group>"; };
		A609E2DB1F5D1BAB0088DEDA /* CLKError.m */ = {isa = PBXFileReference; lastKnownFileType = sourcecode.c.objc; path = CLKError.m; sourceTree = "<group>"; };
		A609E2DE1F5D2A300088DEDA /* Test_CLKArgumentManifestValidator.m */ = {isa = PBXFileReference; lastKnownFileType = sourcecode.c.objc; path = Test_CLKArgumentManifestValidator.m; sourceTree = "<group>"; };
		A61030ED1F11D06F00AB2033 /* Test_CLKAssert.m */ = {isa = PBXFileReference; lastKnownFileType = sourcecode.c.objc; path = Test_CLKAssert.m; sourceTree = "<group>"; };
		A62FA2852029BF5B003FAEBB /* ConstraintValidationSpec.h */ = {isa = PBXFileReference; lastKnownFileType = sourcecode.c.h; path = ConstraintValidationSpec.h; sourceTree = "<group>"; };
		A62FA2862029BF5B003FAEBB /* ConstraintValidationSpec.m */ = {isa = PBXFileReference; lastKnownFileType = sourcecode.c.objc; path = ConstraintValidationSpec.m; sourceTree = "<group>"; };
		A634BCD2204BDD1200E2BA10 /* CEVariantTag.h */ = {isa = PBXFileReference; lastKnownFileType = sourcecode.c.h; path = CEVariantTag.h; sourceTree = "<group>"; };
		A634BCD3204BDD1200E2BA10 /* CEVariantTag.m */ = {isa = PBXFileReference; lastKnownFileType = sourcecode.c.objc; path = CEVariantTag.m; sourceTree = "<group>"; };
		A634BCD6204BDF8E00E2BA10 /* Test_CEVariantTag.m */ = {isa = PBXFileReference; lastKnownFileType = sourcecode.c.objc; path = Test_CEVariantTag.m; sourceTree = "<group>"; };
		A634BCD8204BF96800E2BA10 /* CETemplateSeries.h */ = {isa = PBXFileReference; lastKnownFileType = sourcecode.c.h; path = CETemplateSeries.h; sourceTree = "<group>"; };
		A634BCD9204BF96800E2BA10 /* CETemplateSeries.m */ = {isa = PBXFileReference; lastKnownFileType = sourcecode.c.objc; path = CETemplateSeries.m; sourceTree = "<group>"; };
		A634BCDB204C00A800E2BA10 /* Test_CETemplateSeries.m */ = {isa = PBXFileReference; lastKnownFileType = sourcecode.c.objc; path = Test_CETemplateSeries.m; sourceTree = "<group>"; };
		A634BCDD204C047E00E2BA10 /* CETemplate.h */ = {isa = PBXFileReference; lastKnownFileType = sourcecode.c.h; path = CETemplate.h; sourceTree = "<group>"; };
		A634BCDE204C047E00E2BA10 /* CETemplate.m */ = {isa = PBXFileReference; lastKnownFileType = sourcecode.c.objc; path = CETemplate.m; sourceTree = "<group>"; };
		A634BCE0204C074700E2BA10 /* Test_CETemplate.m */ = {isa = PBXFileReference; lastKnownFileType = sourcecode.c.objc; path = Test_CETemplate.m; sourceTree = "<group>"; };
		A634BCE2204C0F9600E2BA10 /* CEVariant.h */ = {isa = PBXFileReference; lastKnownFileType = sourcecode.c.h; path = CEVariant.h; sourceTree = "<group>"; };
		A634BCE3204C0F9600E2BA10 /* CEVariant.m */ = {isa = PBXFileReference; lastKnownFileType = sourcecode.c.objc; path = CEVariant.m; sourceTree = "<group>"; };
		A634BCE5204C10E400E2BA10 /* Test_CEVariant.m */ = {isa = PBXFileReference; lastKnownFileType = sourcecode.c.objc; path = Test_CEVariant.m; sourceTree = "<group>"; };
		A634BCE7204C13C500E2BA10 /* CECombination.h */ = {isa = PBXFileReference; lastKnownFileType = sourcecode.c.h; path = CECombination.h; sourceTree = "<group>"; };
		A634BCE8204C13C500E2BA10 /* CECombination.m */ = {isa = PBXFileReference; lastKnownFileType = sourcecode.c.objc; path = CECombination.m; sourceTree = "<group>"; };
		A634BCEA204C16D500E2BA10 /* CECombination_Private.h */ = {isa = PBXFileReference; lastKnownFileType = sourcecode.c.h; path = CECombination_Private.h; sourceTree = "<group>"; };
		A634BCEB204C174F00E2BA10 /* Test_CECombination.m */ = {isa = PBXFileReference; lastKnownFileType = sourcecode.c.objc; path = Test_CECombination.m; sourceTree = "<group>"; };
		A6527C381F0A2D0C00BF6FAE /* CLKArgumentTransformer.h */ = {isa = PBXFileReference; fileEncoding = 4; lastKnownFileType = sourcecode.c.h; path = CLKArgumentTransformer.h; sourceTree = "<group>"; };
		A6527C391F0A2D0C00BF6FAE /* CLKArgumentTransformer.m */ = {isa = PBXFileReference; fileEncoding = 4; lastKnownFileType = sourcecode.c.objc; path = CLKArgumentTransformer.m; sourceTree = "<group>"; };
		A6527C3C1F0A31E300BF6FAE /* CLKVerbDepot.m */ = {isa = PBXFileReference; fileEncoding = 4; lastKnownFileType = sourcecode.c.objc; path = CLKVerbDepot.m; sourceTree = "<group>"; };
		A6527C3D1F0A31E300BF6FAE /* CLKVerbDepot.h */ = {isa = PBXFileReference; fileEncoding = 4; lastKnownFileType = sourcecode.c.h; path = CLKVerbDepot.h; sourceTree = "<group>"; };
		A6527C3E1F0A31E300BF6FAE /* CLKVerb.m */ = {isa = PBXFileReference; fileEncoding = 4; lastKnownFileType = sourcecode.c.objc; path = CLKVerb.m; sourceTree = "<group>"; };
		A6527C3F1F0A31E300BF6FAE /* CLKVerb.h */ = {isa = PBXFileReference; fileEncoding = 4; lastKnownFileType = sourcecode.c.h; path = CLKVerb.h; sourceTree = "<group>"; };
		A6527C441F0A397C00BF6FAE /* Test_CLKVerbDepot.m */ = {isa = PBXFileReference; lastKnownFileType = sourcecode.c.objc; path = Test_CLKVerbDepot.m; sourceTree = "<group>"; };
		A66A9DDF1F02294800456347 /* clklab */ = {isa = PBXFileReference; explicitFileType = "compiled.mach-o.executable"; includeInIndex = 0; path = clklab; sourceTree = BUILT_PRODUCTS_DIR; };
		A66A9DE21F02294800456347 /* main.m */ = {isa = PBXFileReference; lastKnownFileType = sourcecode.c.objc; path = main.m; sourceTree = "<group>"; };
		A66A9DE91F023CE200456347 /* CLKOption.h */ = {isa = PBXFileReference; lastKnownFileType = sourcecode.c.h; path = CLKOption.h; sourceTree = "<group>"; };
		A66A9DEA1F023CE200456347 /* CLKOption.m */ = {isa = PBXFileReference; lastKnownFileType = sourcecode.c.objc; path = CLKOption.m; sourceTree = "<group>"; };
		A66A9DF01F02406F00456347 /* Unit Tests.xctest */ = {isa = PBXFileReference; explicitFileType = wrapper.cfbundle; includeInIndex = 0; path = "Unit Tests.xctest"; sourceTree = BUILT_PRODUCTS_DIR; };
		A66A9DF21F02406F00456347 /* Test_CLKOption.m */ = {isa = PBXFileReference; lastKnownFileType = sourcecode.c.objc; path = Test_CLKOption.m; sourceTree = "<group>"; };
		A66A9DF41F02406F00456347 /* Info.plist */ = {isa = PBXFileReference; lastKnownFileType = text.plist.xml; path = Info.plist; sourceTree = "<group>"; };
		A66A9DF91F0241DB00456347 /* CLKArgumentParser.h */ = {isa = PBXFileReference; lastKnownFileType = sourcecode.c.h; path = CLKArgumentParser.h; sourceTree = "<group>"; };
		A66A9DFA1F0241DB00456347 /* CLKArgumentParser.m */ = {isa = PBXFileReference; lastKnownFileType = sourcecode.c.objc; path = CLKArgumentParser.m; sourceTree = "<group>"; };
		A66A9DFC1F02DF4300456347 /* CLKArgumentManifest.h */ = {isa = PBXFileReference; lastKnownFileType = sourcecode.c.h; path = CLKArgumentManifest.h; sourceTree = "<group>"; };
		A66A9DFD1F02DF4300456347 /* CLKArgumentManifest.m */ = {isa = PBXFileReference; lastKnownFileType = sourcecode.c.objc; path = CLKArgumentManifest.m; sourceTree = "<group>"; };
		A66A9E001F037A9400456347 /* Test_CLKArgumentManifest.m */ = {isa = PBXFileReference; lastKnownFileType = sourcecode.c.objc; path = Test_CLKArgumentManifest.m; sourceTree = "<group>"; };
		A66A9E021F03968A00456347 /* NSMutableArray+CLKAdditions.h */ = {isa = PBXFileReference; lastKnownFileType = sourcecode.c.h; path = "NSMutableArray+CLKAdditions.h"; sourceTree = "<group>"; };
		A66A9E031F03968A00456347 /* NSMutableArray+CLKAdditions.m */ = {isa = PBXFileReference; lastKnownFileType = sourcecode.c.objc; path = "NSMutableArray+CLKAdditions.m"; sourceTree = "<group>"; };
		A66A9E061F03A14400456347 /* Test_CLKArgumentParser.m */ = {isa = PBXFileReference; lastKnownFileType = sourcecode.c.objc; path = Test_CLKArgumentParser.m; sourceTree = "<group>"; };
		A66A9E0B1F041DE600456347 /* NSArray+CLKAdditions.h */ = {isa = PBXFileReference; lastKnownFileType = sourcecode.c.h; path = "NSArray+CLKAdditions.h"; sourceTree = "<group>"; };
		A66A9E0C1F041DE600456347 /* NSArray+CLKAdditions.m */ = {isa = PBXFileReference; lastKnownFileType = sourcecode.c.objc; path = "NSArray+CLKAdditions.m"; sourceTree = "<group>"; };
		A66A9E0E1F04219E00456347 /* Test_CLKAdditions.m */ = {isa = PBXFileReference; lastKnownFileType = sourcecode.c.objc; path = Test_CLKAdditions.m; sourceTree = "<group>"; };
		A674001D2003209E00910474 /* CLKOptionGroup.h */ = {isa = PBXFileReference; lastKnownFileType = sourcecode.c.h; path = CLKOptionGroup.h; sourceTree = "<group>"; };
		A674001E2003209E00910474 /* CLKOptionGroup.m */ = {isa = PBXFileReference; lastKnownFileType = sourcecode.c.objc; path = CLKOptionGroup.m; sourceTree = "<group>"; };
		A6794E611F0F82D8004FEA4A /* NSError+CLKAdditions.h */ = {isa = PBXFileReference; lastKnownFileType = sourcecode.c.h; path = "NSError+CLKAdditions.h"; sourceTree = "<group>"; };
		A6794E621F0F82D8004FEA4A /* NSError+CLKAdditions.m */ = {isa = PBXFileReference; lastKnownFileType = sourcecode.c.objc; path = "NSError+CLKAdditions.m"; sourceTree = "<group>"; };
		A67BF0E61F07A61A0091B233 /* Test_ArgumentTransformers.m */ = {isa = PBXFileReference; lastKnownFileType = sourcecode.c.objc; path = Test_ArgumentTransformers.m; sourceTree = "<group>"; };
		A6893C2C1F11A49300E15F11 /* CLKAssert.h */ = {isa = PBXFileReference; lastKnownFileType = sourcecode.c.h; path = CLKAssert.h; sourceTree = "<group>"; };
		A6A91AB820577F78001B81CF /* CEGenerator.h */ = {isa = PBXFileReference; lastKnownFileType = sourcecode.c.h; path = CEGenerator.h; sourceTree = "<group>"; };
		A6A91AB920577F78001B81CF /* CEGenerator.m */ = {isa = PBXFileReference; lastKnownFileType = sourcecode.c.objc; path = CEGenerator.m; sourceTree = "<group>"; };
		A6A91ABB2057CA2A001B81CF /* Test_CEGenerator.m */ = {isa = PBXFileReference; lastKnownFileType = sourcecode.c.objc; path = Test_CEGenerator.m; sourceTree = "<group>"; };
		A6A91ABD205A440E001B81CF /* CEVariantBuilder.h */ = {isa = PBXFileReference; lastKnownFileType = sourcecode.c.h; path = CEVariantBuilder.h; sourceTree = "<group>"; };
		A6A91ABE205A440E001B81CF /* CEVariantBuilder.m */ = {isa = PBXFileReference; lastKnownFileType = sourcecode.c.objc; path = CEVariantBuilder.m; sourceTree = "<group>"; };
		A6A91AC0205A5123001B81CF /* Test_CEVariantBuilder.m */ = {isa = PBXFileReference; lastKnownFileType = sourcecode.c.objc; path = Test_CEVariantBuilder.m; sourceTree = "<group>"; };
		A6A91AC2205B1D9F001B81CF /* CEGenerator_Private.h */ = {isa = PBXFileReference; lastKnownFileType = sourcecode.c.h; path = CEGenerator_Private.h; sourceTree = "<group>"; };
		A6A91AC3205B1E15001B81CF /* CEGenerator+Building.h */ = {isa = PBXFileReference; lastKnownFileType = sourcecode.c.h; path = "CEGenerator+Building.h"; sourceTree = "<group>"; };
		A6A91AC4205B1E15001B81CF /* CEGenerator+Building.m */ = {isa = PBXFileReference; lastKnownFileType = sourcecode.c.objc; path = "CEGenerator+Building.m"; sourceTree = "<group>"; };
		A6A91AC6205B1F9E001B81CF /* CombinationEngine.h */ = {isa = PBXFileReference; lastKnownFileType = sourcecode.c.h; path = CombinationEngine.h; sourceTree = "<group>"; };
		A6B0D30B200E006000BF6300 /* CLKError_Private.h */ = {isa = PBXFileReference; fileEncoding = 4; lastKnownFileType = sourcecode.c.h; path = CLKError_Private.h; sourceTree = "<group>"; };
		A6B47E8B2011E89000E49F5E /* CLKOptionGroup_Private.h */ = {isa = PBXFileReference; lastKnownFileType = sourcecode.c.h; path = CLKOptionGroup_Private.h; sourceTree = "<group>"; };
		A6BB1B3B2032F1A900927BD9 /* CLKOptionRegistry.h */ = {isa = PBXFileReference; lastKnownFileType = sourcecode.c.h; path = CLKOptionRegistry.h; sourceTree = "<group>"; };
		A6BB1B3C2032F1A900927BD9 /* CLKOptionRegistry.m */ = {isa = PBXFileReference; lastKnownFileType = sourcecode.c.objc; path = CLKOptionRegistry.m; sourceTree = "<group>"; };
		A6BB1B3F2033F74A00927BD9 /* Test_CLKOptionRegistry.m */ = {isa = PBXFileReference; lastKnownFileType = sourcecode.c.objc; path = Test_CLKOptionRegistry.m; sourceTree = "<group>"; };
		A6C5F8FF2054EA410004E039 /* CEVariantSourceView.h */ = {isa = PBXFileReference; lastKnownFileType = sourcecode.c.h; path = CEVariantSourceView.h; sourceTree = "<group>"; };
		A6C5F9002054EA410004E039 /* CEVariantSourceView.m */ = {isa = PBXFileReference; lastKnownFileType = sourcecode.c.objc; path = CEVariantSourceView.m; sourceTree = "<group>"; };
		A6C5F9022054EBFB0004E039 /* CEVariantView.h */ = {isa = PBXFileReference; lastKnownFileType = sourcecode.c.h; path = CEVariantView.h; sourceTree = "<group>"; };
		A6C5F9032054EBFB0004E039 /* CEVariantView.m */ = {isa = PBXFileReference; lastKnownFileType = sourcecode.c.objc; path = CEVariantView.m; sourceTree = "<group>"; };
		A6C5F90520550DD40004E039 /* Test_CEVariantSourceView.m */ = {isa = PBXFileReference; lastKnownFileType = sourcecode.c.objc; path = Test_CEVariantSourceView.m; sourceTree = "<group>"; };
		A6C5F9072055186D0004E039 /* Test_CEVariantView.m */ = {isa = PBXFileReference; lastKnownFileType = sourcecode.c.objc; path = Test_CEVariantView.m; sourceTree = "<group>"; };
		A6CFEA9E200CB1350009B8D2 /* CLKArgumentManifestConstraint.h */ = {isa = PBXFileReference; lastKnownFileType = sourcecode.c.h; path = CLKArgumentManifestConstraint.h; sourceTree = "<group>"; };
		A6CFEA9F200CB1350009B8D2 /* CLKArgumentManifestConstraint.m */ = {isa = PBXFileReference; lastKnownFileType = sourcecode.c.objc; path = CLKArgumentManifestConstraint.m; sourceTree = "<group>"; };
		A6CFEAA2200CB72A0009B8D2 /* Test_CLKArgumentManifestConstraint.m */ = {isa = PBXFileReference; lastKnownFileType = sourcecode.c.objc; path = Test_CLKArgumentManifestConstraint.m; sourceTree = "<group>"; };
		A6CFEAA4200D39910009B8D2 /* Test_CLKOptionGroup.m */ = {isa = PBXFileReference; lastKnownFileType = sourcecode.c.objc; path = Test_CLKOptionGroup.m; sourceTree = "<group>"; };
		A6E34F69202C59E900CE22E1 /* ArgumentParserSpec.h */ = {isa = PBXFileReference; lastKnownFileType = sourcecode.c.h; path = ArgumentParserSpec.h; sourceTree = "<group>"; };
		A6E34F6A202C59E900CE22E1 /* ArgumentParserSpec.m */ = {isa = PBXFileReference; lastKnownFileType = sourcecode.c.objc; path = ArgumentParserSpec.m; sourceTree = "<group>"; };
		A6E478C81F123CF20081EB82 /* readme.txt */ = {isa = PBXFileReference; lastKnownFileType = text; path = readme.txt; sourceTree = "<group>"; };
		A6E478CD1F133A780081EB82 /* libCLKit.a */ = {isa = PBXFileReference; explicitFileType = archive.ar; includeInIndex = 0; path = libCLKit.a; sourceTree = BUILT_PRODUCTS_DIR; };
		A6E9BC1F203A173E001B7095 /* CEVariantSource.h */ = {isa = PBXFileReference; fileEncoding = 4; lastKnownFileType = sourcecode.c.h; path = CEVariantSource.h; sourceTree = "<group>"; };
		A6E9BC21203A173E001B7095 /* CEVariantSource.m */ = {isa = PBXFileReference; fileEncoding = 4; lastKnownFileType = sourcecode.c.objc; path = CEVariantSource.m; sourceTree = "<group>"; };
		A6E9BC25203A17AE001B7095 /* Test_CEVariantSource.m */ = {isa = PBXFileReference; fileEncoding = 4; lastKnownFileType = sourcecode.c.objc; path = Test_CEVariantSource.m; sourceTree = "<group>"; };
		A6F970B11F3320A000E0BD73 /* CLKOption_Private.h */ = {isa = PBXFileReference; lastKnownFileType = sourcecode.c.h; path = CLKOption_Private.h; sourceTree = "<group>"; };
		A6F970B21F3321C300E0BD73 /* CLKArgumentManifest_Private.h */ = {isa = PBXFileReference; lastKnownFileType = sourcecode.c.h; path = CLKArgumentManifest_Private.h; sourceTree = "<group>"; };
/* End PBXFileReference section */

/* Begin PBXFrameworksBuildPhase section */
		A66A9DDC1F02294800456347 /* Frameworks */ = {
			isa = PBXFrameworksBuildPhase;
			buildActionMask = 2147483647;
			files = (
				A6E478FF1F13475B0081EB82 /* libCLKit.a in Frameworks */,
			);
			runOnlyForDeploymentPostprocessing = 0;
		};
		A66A9DED1F02406F00456347 /* Frameworks */ = {
			isa = PBXFrameworksBuildPhase;
			buildActionMask = 2147483647;
			files = (
				A6E478FC1F1347530081EB82 /* libCLKit.a in Frameworks */,
			);
			runOnlyForDeploymentPostprocessing = 0;
		};
		A6E478CA1F133A780081EB82 /* Frameworks */ = {
			isa = PBXFrameworksBuildPhase;
			buildActionMask = 2147483647;
			files = (
			);
			runOnlyForDeploymentPostprocessing = 0;
		};
/* End PBXFrameworksBuildPhase section */

/* Begin PBXGroup section */
		A634BCD1204BDC9900E2BA10 /* Combination Engine */ = {
			isa = PBXGroup;
			children = (
				A634BCD5204BDF6B00E2BA10 /* Tests */,
				A6A91AC6205B1F9E001B81CF /* CombinationEngine.h */,
				A634BCE7204C13C500E2BA10 /* CECombination.h */,
				A634BCEA204C16D500E2BA10 /* CECombination_Private.h */,
				A634BCE8204C13C500E2BA10 /* CECombination.m */,
				A6A91AB820577F78001B81CF /* CEGenerator.h */,
				A6A91AC2205B1D9F001B81CF /* CEGenerator_Private.h */,
				A6A91AB920577F78001B81CF /* CEGenerator.m */,
				A6A91AC3205B1E15001B81CF /* CEGenerator+Building.h */,
				A6A91AC4205B1E15001B81CF /* CEGenerator+Building.m */,
				A634BCDD204C047E00E2BA10 /* CETemplate.h */,
				A634BCDE204C047E00E2BA10 /* CETemplate.m */,
				A634BCD8204BF96800E2BA10 /* CETemplateSeries.h */,
				A634BCD9204BF96800E2BA10 /* CETemplateSeries.m */,
				A634BCE2204C0F9600E2BA10 /* CEVariant.h */,
				A634BCE3204C0F9600E2BA10 /* CEVariant.m */,
				A6A91ABD205A440E001B81CF /* CEVariantBuilder.h */,
				A6A91ABE205A440E001B81CF /* CEVariantBuilder.m */,
				A6E9BC1F203A173E001B7095 /* CEVariantSource.h */,
				A6E9BC21203A173E001B7095 /* CEVariantSource.m */,
				A6C5F8FF2054EA410004E039 /* CEVariantSourceView.h */,
				A6C5F9002054EA410004E039 /* CEVariantSourceView.m */,
				A6C5F9022054EBFB0004E039 /* CEVariantView.h */,
				A6C5F9032054EBFB0004E039 /* CEVariantView.m */,
				A634BCD2204BDD1200E2BA10 /* CEVariantTag.h */,
				A634BCD3204BDD1200E2BA10 /* CEVariantTag.m */,
			);
			name = "Combination Engine";
			sourceTree = "<group>";
		};
		A634BCD5204BDF6B00E2BA10 /* Tests */ = {
			isa = PBXGroup;
			children = (
				A634BCEB204C174F00E2BA10 /* Test_CECombination.m */,
				A6A91ABB2057CA2A001B81CF /* Test_CEGenerator.m */,
				A634BCE0204C074700E2BA10 /* Test_CETemplate.m */,
				A634BCDB204C00A800E2BA10 /* Test_CETemplateSeries.m */,
				A634BCE5204C10E400E2BA10 /* Test_CEVariant.m */,
				A6A91AC0205A5123001B81CF /* Test_CEVariantBuilder.m */,
				A6E9BC25203A17AE001B7095 /* Test_CEVariantSource.m */,
				A6C5F90520550DD40004E039 /* Test_CEVariantSourceView.m */,
				A6C5F9072055186D0004E039 /* Test_CEVariantView.m */,
				A634BCD6204BDF8E00E2BA10 /* Test_CEVariantTag.m */,
			);
			name = Tests;
			sourceTree = "<group>";
		};
		A6527C471F0A4CFA00BF6FAE /* Arguments */ = {
			isa = PBXGroup;
			children = (
				A66A9DFC1F02DF4300456347 /* CLKArgumentManifest.h */,
				A6F970B21F3321C300E0BD73 /* CLKArgumentManifest_Private.h */,
				A66A9DFD1F02DF4300456347 /* CLKArgumentManifest.m */,
				A6CFEA9E200CB1350009B8D2 /* CLKArgumentManifestConstraint.h */,
				A6CFEA9F200CB1350009B8D2 /* CLKArgumentManifestConstraint.m */,
				A609E2C31F5B6D570088DEDA /* CLKArgumentManifestValidator.h */,
				A609E2C41F5B6D570088DEDA /* CLKArgumentManifestValidator.m */,
				A66A9DF91F0241DB00456347 /* CLKArgumentParser.h */,
				A66A9DFA1F0241DB00456347 /* CLKArgumentParser.m */,
				A6527C381F0A2D0C00BF6FAE /* CLKArgumentTransformer.h */,
				A6527C391F0A2D0C00BF6FAE /* CLKArgumentTransformer.m */,
				A66A9DE91F023CE200456347 /* CLKOption.h */,
				A6F970B11F3320A000E0BD73 /* CLKOption_Private.h */,
				A66A9DEA1F023CE200456347 /* CLKOption.m */,
				A674001D2003209E00910474 /* CLKOptionGroup.h */,
				A6B47E8B2011E89000E49F5E /* CLKOptionGroup_Private.h */,
				A674001E2003209E00910474 /* CLKOptionGroup.m */,
				A6BB1B3B2032F1A900927BD9 /* CLKOptionRegistry.h */,
				A6BB1B3C2032F1A900927BD9 /* CLKOptionRegistry.m */,
			);
			name = Arguments;
			sourceTree = "<group>";
		};
		A6527C481F0A4D1000BF6FAE /* Verbs */ = {
			isa = PBXGroup;
			children = (
				A6527C3F1F0A31E300BF6FAE /* CLKVerb.h */,
				A6527C3E1F0A31E300BF6FAE /* CLKVerb.m */,
				A6527C3D1F0A31E300BF6FAE /* CLKVerbDepot.h */,
				A6527C3C1F0A31E300BF6FAE /* CLKVerbDepot.m */,
			);
			name = Verbs;
			sourceTree = "<group>";
		};
		A66A9DD61F02294800456347 = {
			isa = PBXGroup;
			children = (
				A6E478C81F123CF20081EB82 /* readme.txt */,
				A66A9DE11F02294800456347 /* CLKit */,
				A66A9DF11F02406F00456347 /* Unit Tests */,
				A66A9DE01F02294800456347 /* Products */,
			);
			sourceTree = "<group>";
		};
		A66A9DE01F02294800456347 /* Products */ = {
			isa = PBXGroup;
			children = (
				A66A9DDF1F02294800456347 /* clklab */,
				A66A9DF01F02406F00456347 /* Unit Tests.xctest */,
				A6E478CD1F133A780081EB82 /* libCLKit.a */,
			);
			name = Products;
			sourceTree = "<group>";
		};
		A66A9DE11F02294800456347 /* CLKit */ = {
			isa = PBXGroup;
			children = (
				A66A9DE21F02294800456347 /* main.m */,
				A6527C471F0A4CFA00BF6FAE /* Arguments */,
				A66A9E0A1F041DBB00456347 /* Categories */,
				A6893C2D1F11A51E00E15F11 /* Misc */,
				A6527C481F0A4D1000BF6FAE /* Verbs */,
			);
			path = CLKit;
			sourceTree = "<group>";
		};
		A66A9DF11F02406F00456347 /* Unit Tests */ = {
			isa = PBXGroup;
			children = (
				A6E9BC1D203A165B001B7095 /* Testing Support */,
				A67BF0E61F07A61A0091B233 /* Test_ArgumentTransformers.m */,
				A66A9E0E1F04219E00456347 /* Test_CLKAdditions.m */,
				A66A9E061F03A14400456347 /* Test_CLKArgumentParser.m */,
				A66A9E001F037A9400456347 /* Test_CLKArgumentManifest.m */,
				A6CFEAA2200CB72A0009B8D2 /* Test_CLKArgumentManifestConstraint.m */,
				A609E2DE1F5D2A300088DEDA /* Test_CLKArgumentManifestValidator.m */,
				A61030ED1F11D06F00AB2033 /* Test_CLKAssert.m */,
				A66A9DF21F02406F00456347 /* Test_CLKOption.m */,
				A6CFEAA4200D39910009B8D2 /* Test_CLKOptionGroup.m */,
				A6BB1B3F2033F74A00927BD9 /* Test_CLKOptionRegistry.m */,
				A6527C441F0A397C00BF6FAE /* Test_CLKVerbDepot.m */,
				A66A9DF41F02406F00456347 /* Info.plist */,
			);
			path = "Unit Tests";
			sourceTree = "<group>";
		};
		A66A9E0A1F041DBB00456347 /* Categories */ = {
			isa = PBXGroup;
			children = (
				A66A9E0B1F041DE600456347 /* NSArray+CLKAdditions.h */,
				A66A9E0C1F041DE600456347 /* NSArray+CLKAdditions.m */,
				A6794E611F0F82D8004FEA4A /* NSError+CLKAdditions.h */,
				A6794E621F0F82D8004FEA4A /* NSError+CLKAdditions.m */,
				A66A9E021F03968A00456347 /* NSMutableArray+CLKAdditions.h */,
				A66A9E031F03968A00456347 /* NSMutableArray+CLKAdditions.m */,
			);
			name = Categories;
			sourceTree = "<group>";
		};
		A6893C2D1F11A51E00E15F11 /* Misc */ = {
			isa = PBXGroup;
			children = (
				A6893C2C1F11A49300E15F11 /* CLKAssert.h */,
				A609E2DA1F5D1BAB0088DEDA /* CLKError.h */,
				A6B0D30B200E006000BF6300 /* CLKError_Private.h */,
				A609E2DB1F5D1BAB0088DEDA /* CLKError.m */,
			);
			name = Misc;
			sourceTree = "<group>";
		};
		A6E9BC1D203A165B001B7095 /* Testing Support */ = {
			isa = PBXGroup;
			children = (
				A634BCD1204BDC9900E2BA10 /* Combination Engine */,
				A6E34F69202C59E900CE22E1 /* ArgumentParserSpec.h */,
				A6E34F6A202C59E900CE22E1 /* ArgumentParserSpec.m */,
				A62FA2852029BF5B003FAEBB /* ConstraintValidationSpec.h */,
				A62FA2862029BF5B003FAEBB /* ConstraintValidationSpec.m */,
				A609E2C21F5964670088DEDA /* XCTestCase+CLKAdditions.h */,
				A609E2C01F59642B0088DEDA /* XCTestCase+CLKAdditions.m */,
			);
			name = "Testing Support";
			sourceTree = "<group>";
		};
/* End PBXGroup section */

/* Begin PBXHeadersBuildPhase section */
		A6E478CB1F133A780081EB82 /* Headers */ = {
			isa = PBXHeadersBuildPhase;
			buildActionMask = 2147483647;
			files = (
				A609E2DC1F5D1BAB0088DEDA /* CLKError.h in Headers */,
				A6BB1B3D2032F1A900927BD9 /* CLKOptionRegistry.h in Headers */,
				A609E2C51F5B6D580088DEDA /* CLKArgumentManifestValidator.h in Headers */,
				A674001F2003209E00910474 /* CLKOptionGroup.h in Headers */,
				A6CFEAA0200CB1350009B8D2 /* CLKArgumentManifestConstraint.h in Headers */,
				A6B0D30C200E006000BF6300 /* CLKError_Private.h in Headers */,
			);
			runOnlyForDeploymentPostprocessing = 0;
		};
/* End PBXHeadersBuildPhase section */

/* Begin PBXNativeTarget section */
		A66A9DDE1F02294800456347 /* clklab */ = {
			isa = PBXNativeTarget;
			buildConfigurationList = A66A9DE61F02294800456347 /* Build configuration list for PBXNativeTarget "clklab" */;
			buildPhases = (
				A66A9DDB1F02294800456347 /* Sources */,
				A66A9DDC1F02294800456347 /* Frameworks */,
				A66A9DDD1F02294800456347 /* CopyFiles */,
			);
			buildRules = (
			);
			dependencies = (
				A6E478FE1F1347570081EB82 /* PBXTargetDependency */,
			);
			name = clklab;
			productName = options;
			productReference = A66A9DDF1F02294800456347 /* clklab */;
			productType = "com.apple.product-type.tool";
		};
		A66A9DEF1F02406F00456347 /* Unit Tests */ = {
			isa = PBXNativeTarget;
			buildConfigurationList = A66A9DF51F02406F00456347 /* Build configuration list for PBXNativeTarget "Unit Tests" */;
			buildPhases = (
				A66A9DEC1F02406F00456347 /* Sources */,
				A66A9DED1F02406F00456347 /* Frameworks */,
				A66A9DEE1F02406F00456347 /* Resources */,
			);
			buildRules = (
			);
			dependencies = (
				A6E478FB1F13474A0081EB82 /* PBXTargetDependency */,
			);
			name = "Unit Tests";
			productName = "unit tests";
			productReference = A66A9DF01F02406F00456347 /* Unit Tests.xctest */;
			productType = "com.apple.product-type.bundle.unit-test";
		};
		A6E478CC1F133A780081EB82 /* CLKit */ = {
			isa = PBXNativeTarget;
			buildConfigurationList = A6E478D51F133A780081EB82 /* Build configuration list for PBXNativeTarget "CLKit" */;
			buildPhases = (
				A6E478C91F133A780081EB82 /* Sources */,
				A6E478CA1F133A780081EB82 /* Frameworks */,
				A6E478CB1F133A780081EB82 /* Headers */,
			);
			buildRules = (
			);
			dependencies = (
			);
			name = CLKit;
			productName = CLKit;
			productReference = A6E478CD1F133A780081EB82 /* libCLKit.a */;
			productType = "com.apple.product-type.library.static";
		};
/* End PBXNativeTarget section */

/* Begin PBXProject section */
		A66A9DD71F02294800456347 /* Project object */ = {
			isa = PBXProject;
			attributes = {
				LastUpgradeCheck = 0900;
				ORGANIZATIONNAME = "Plastic Pulse";
				TargetAttributes = {
					A66A9DDE1F02294800456347 = {
						CreatedOnToolsVersion = 9.0;
					};
					A66A9DEF1F02406F00456347 = {
						CreatedOnToolsVersion = 9.0;
					};
					A6E478CC1F133A780081EB82 = {
						CreatedOnToolsVersion = 9.0;
					};
				};
			};
			buildConfigurationList = A66A9DDA1F02294800456347 /* Build configuration list for PBXProject "CLKit" */;
			compatibilityVersion = "Xcode 8.0";
			developmentRegion = en;
			hasScannedForEncodings = 0;
			knownRegions = (
				en,
			);
			mainGroup = A66A9DD61F02294800456347;
			productRefGroup = A66A9DE01F02294800456347 /* Products */;
			projectDirPath = "";
			projectRoot = "";
			targets = (
				A66A9DDE1F02294800456347 /* clklab */,
				A66A9DEF1F02406F00456347 /* Unit Tests */,
				A6E478CC1F133A780081EB82 /* CLKit */,
			);
		};
/* End PBXProject section */

/* Begin PBXResourcesBuildPhase section */
		A66A9DEE1F02406F00456347 /* Resources */ = {
			isa = PBXResourcesBuildPhase;
			buildActionMask = 2147483647;
			files = (
			);
			runOnlyForDeploymentPostprocessing = 0;
		};
/* End PBXResourcesBuildPhase section */

/* Begin PBXSourcesBuildPhase section */
		A66A9DDB1F02294800456347 /* Sources */ = {
			isa = PBXSourcesBuildPhase;
			buildActionMask = 2147483647;
			files = (
				A66A9DE31F02294800456347 /* main.m in Sources */,
			);
			runOnlyForDeploymentPostprocessing = 0;
		};
		A66A9DEC1F02406F00456347 /* Sources */ = {
			isa = PBXSourcesBuildPhase;
			buildActionMask = 2147483647;
			files = (
				A6BB1B402033F74A00927BD9 /* Test_CLKOptionRegistry.m in Sources */,
				A6E34F6B202C59E900CE22E1 /* ArgumentParserSpec.m in Sources */,
				A634BCE6204C10E400E2BA10 /* Test_CEVariant.m in Sources */,
				A66A9DF31F02406F00456347 /* Test_CLKOption.m in Sources */,
				A634BCDA204BF96800E2BA10 /* CETemplateSeries.m in Sources */,
				A61030EE1F11D06F00AB2033 /* Test_CLKAssert.m in Sources */,
				A67BF0E71F07A61A0091B233 /* Test_ArgumentTransformers.m in Sources */,
				A634BCD4204BDD1200E2BA10 /* CEVariantTag.m in Sources */,
				A6C5F9082055186D0004E039 /* Test_CEVariantView.m in Sources */,
				A6E9BC27203A17AE001B7095 /* Test_CEVariantSource.m in Sources */,
				A6A91AC5205B1E15001B81CF /* CEGenerator+Building.m in Sources */,
				A634BCD7204BDF8E00E2BA10 /* Test_CEVariantTag.m in Sources */,
				A634BCEC204C174F00E2BA10 /* Test_CECombination.m in Sources */,
				A6CFEAA3200CB72A0009B8D2 /* Test_CLKArgumentManifestConstraint.m in Sources */,
				A62FA2872029BF5B003FAEBB /* ConstraintValidationSpec.m in Sources */,
				A634BCE1204C074700E2BA10 /* Test_CETemplate.m in Sources */,
				A6A91ABF205A440E001B81CF /* CEVariantBuilder.m in Sources */,
				A6527C451F0A397C00BF6FAE /* Test_CLKVerbDepot.m in Sources */,
				A609E2DF1F5D2A300088DEDA /* Test_CLKArgumentManifestValidator.m in Sources */,
				A634BCE9204C13C500E2BA10 /* CECombination.m in Sources */,
				A6CFEAA5200D39910009B8D2 /* Test_CLKOptionGroup.m in Sources */,
				A66A9E0F1F04219E00456347 /* Test_CLKAdditions.m in Sources */,
				A66A9E011F037A9400456347 /* Test_CLKArgumentManifest.m in Sources */,
				A634BCE4204C0F9600E2BA10 /* CEVariant.m in Sources */,
				A6E9BC23203A173E001B7095 /* CEVariantSource.m in Sources */,
				A634BCDF204C047E00E2BA10 /* CETemplate.m in Sources */,
				A66A9E071F03A14400456347 /* Test_CLKArgumentParser.m in Sources */,
				A634BCDC204C00A800E2BA10 /* Test_CETemplateSeries.m in Sources */,
				A609E2C11F59642B0088DEDA /* XCTestCase+CLKAdditions.m in Sources */,
				A6A91ABC2057CA2A001B81CF /* Test_CEGenerator.m in Sources */,
				A6C5F90620550DD40004E039 /* Test_CEVariantSourceView.m in Sources */,
				A6C5F9012054EA410004E039 /* CEVariantSourceView.m in Sources */,
				A6A91AC1205A5123001B81CF /* Test_CEVariantBuilder.m in Sources */,
				A6A91ABA20577F78001B81CF /* CEGenerator.m in Sources */,
				A6C5F9042054EBFB0004E039 /* CEVariantView.m in Sources */,
			);
			runOnlyForDeploymentPostprocessing = 0;
		};
		A6E478C91F133A780081EB82 /* Sources */ = {
			isa = PBXSourcesBuildPhase;
			buildActionMask = 2147483647;
			files = (
				A6E478D61F133AB80081EB82 /* NSArray+CLKAdditions.m in Sources */,
				A6E478D71F133AB80081EB82 /* NSError+CLKAdditions.m in Sources */,
				A6E478D81F133AB80081EB82 /* NSMutableArray+CLKAdditions.m in Sources */,
				A6CFEAA1200CB1350009B8D2 /* CLKArgumentManifestConstraint.m in Sources */,
				A67400202003209E00910474 /* CLKOptionGroup.m in Sources */,
				A609E2C61F5B6D580088DEDA /* CLKArgumentManifestValidator.m in Sources */,
				A6E478D91F133AB80081EB82 /* CLKArgumentTransformer.m in Sources */,
				A6E478DA1F133AB80081EB82 /* CLKOption.m in Sources */,
				A6BB1B3E2032F1A900927BD9 /* CLKOptionRegistry.m in Sources */,
				A609E2DD1F5D1BAB0088DEDA /* CLKError.m in Sources */,
				A6E478DB1F133AB80081EB82 /* CLKArgumentManifest.m in Sources */,
				A6E478DC1F133AB80081EB82 /* CLKArgumentParser.m in Sources */,
				A6E478DD1F133AB80081EB82 /* CLKVerb.m in Sources */,
				A6E478DE1F133AB80081EB82 /* CLKVerbDepot.m in Sources */,
			);
			runOnlyForDeploymentPostprocessing = 0;
		};
/* End PBXSourcesBuildPhase section */

/* Begin PBXTargetDependency section */
		A6E478FB1F13474A0081EB82 /* PBXTargetDependency */ = {
			isa = PBXTargetDependency;
			target = A6E478CC1F133A780081EB82 /* CLKit */;
			targetProxy = A6E478FA1F13474A0081EB82 /* PBXContainerItemProxy */;
		};
		A6E478FE1F1347570081EB82 /* PBXTargetDependency */ = {
			isa = PBXTargetDependency;
			target = A6E478CC1F133A780081EB82 /* CLKit */;
			targetProxy = A6E478FD1F1347570081EB82 /* PBXContainerItemProxy */;
		};
/* End PBXTargetDependency section */

/* Begin XCBuildConfiguration section */
		A66A9DE41F02294800456347 /* Debug */ = {
			isa = XCBuildConfiguration;
			buildSettings = {
				ALWAYS_SEARCH_USER_PATHS = NO;
				CLANG_ANALYZER_NONNULL = YES;
				CLANG_ANALYZER_NUMBER_OBJECT_CONVERSION = YES_AGGRESSIVE;
				CLANG_ANALYZER_SECURITY_FLOATLOOPCOUNTER = YES;
				CLANG_ANALYZER_SECURITY_INSECUREAPI_STRCPY = YES;
				CLANG_CXX_LANGUAGE_STANDARD = "gnu++14";
				CLANG_CXX_LIBRARY = "libc++";
				CLANG_ENABLE_MODULES = YES;
				CLANG_ENABLE_OBJC_ARC = NO;
				CLANG_WARN_ASSIGN_ENUM = YES;
				CLANG_WARN_BLOCK_CAPTURE_AUTORELEASING = YES;
				CLANG_WARN_BOOL_CONVERSION = YES;
				CLANG_WARN_COMMA = YES;
				CLANG_WARN_CONSTANT_CONVERSION = YES;
				CLANG_WARN_DEPRECATED_OBJC_IMPLEMENTATIONS = YES;
				CLANG_WARN_DIRECT_OBJC_ISA_USAGE = YES_ERROR;
				CLANG_WARN_DOCUMENTATION_COMMENTS = YES;
				CLANG_WARN_EMPTY_BODY = YES;
				CLANG_WARN_ENUM_CONVERSION = YES;
				CLANG_WARN_IMPLICIT_SIGN_CONVERSION = YES;
				CLANG_WARN_INFINITE_RECURSION = YES;
				CLANG_WARN_INT_CONVERSION = YES;
				CLANG_WARN_NON_LITERAL_NULL_CONVERSION = YES;
				CLANG_WARN_OBJC_LITERAL_CONVERSION = YES;
				CLANG_WARN_OBJC_MISSING_PROPERTY_SYNTHESIS = YES;
				CLANG_WARN_OBJC_ROOT_CLASS = YES_ERROR;
				CLANG_WARN_RANGE_LOOP_ANALYSIS = YES;
				CLANG_WARN_STRICT_PROTOTYPES = YES;
				CLANG_WARN_SUSPICIOUS_IMPLICIT_CONVERSION = YES;
				CLANG_WARN_SUSPICIOUS_MOVE = YES;
				CLANG_WARN_UNGUARDED_AVAILABILITY = YES_AGGRESSIVE;
				CLANG_WARN_UNREACHABLE_CODE = YES;
				CLANG_WARN__DUPLICATE_METHOD_MATCH = YES;
				COPY_PHASE_STRIP = NO;
				DEBUG_INFORMATION_FORMAT = dwarf;
				ENABLE_STRICT_OBJC_MSGSEND = YES;
				ENABLE_TESTABILITY = YES;
				GCC_C_LANGUAGE_STANDARD = gnu11;
				GCC_DYNAMIC_NO_PIC = NO;
				GCC_NO_COMMON_BLOCKS = YES;
				GCC_OPTIMIZATION_LEVEL = 0;
				GCC_PREPROCESSOR_DEFINITIONS = (
					"DEBUG=1",
					"$(inherited)",
				);
				GCC_TREAT_INCOMPATIBLE_POINTER_TYPE_WARNINGS_AS_ERRORS = YES;
				GCC_WARN_64_TO_32_BIT_CONVERSION = YES;
				GCC_WARN_ABOUT_MISSING_FIELD_INITIALIZERS = YES;
				GCC_WARN_ABOUT_RETURN_TYPE = YES_ERROR;
				GCC_WARN_SHADOW = YES;
				GCC_WARN_SIGN_COMPARE = YES;
				GCC_WARN_UNDECLARED_SELECTOR = YES;
				GCC_WARN_UNINITIALIZED_AUTOS = YES_AGGRESSIVE;
				GCC_WARN_UNUSED_FUNCTION = YES;
				GCC_WARN_UNUSED_LABEL = YES;
				GCC_WARN_UNUSED_PARAMETER = YES;
				GCC_WARN_UNUSED_VARIABLE = YES;
				MACOSX_DEPLOYMENT_TARGET = 10.12;
				ONLY_ACTIVE_ARCH = YES;
				SDKROOT = macosx;
			};
			name = Debug;
		};
		A66A9DE51F02294800456347 /* Release */ = {
			isa = XCBuildConfiguration;
			buildSettings = {
				ALWAYS_SEARCH_USER_PATHS = NO;
				CLANG_ANALYZER_NONNULL = YES;
				CLANG_ANALYZER_NUMBER_OBJECT_CONVERSION = YES_AGGRESSIVE;
				CLANG_ANALYZER_SECURITY_FLOATLOOPCOUNTER = YES;
				CLANG_ANALYZER_SECURITY_INSECUREAPI_STRCPY = YES;
				CLANG_CXX_LANGUAGE_STANDARD = "gnu++14";
				CLANG_CXX_LIBRARY = "libc++";
				CLANG_ENABLE_MODULES = YES;
				CLANG_ENABLE_OBJC_ARC = NO;
				CLANG_WARN_ASSIGN_ENUM = YES;
				CLANG_WARN_BLOCK_CAPTURE_AUTORELEASING = YES;
				CLANG_WARN_BOOL_CONVERSION = YES;
				CLANG_WARN_COMMA = YES;
				CLANG_WARN_CONSTANT_CONVERSION = YES;
				CLANG_WARN_DEPRECATED_OBJC_IMPLEMENTATIONS = YES;
				CLANG_WARN_DIRECT_OBJC_ISA_USAGE = YES_ERROR;
				CLANG_WARN_DOCUMENTATION_COMMENTS = YES;
				CLANG_WARN_EMPTY_BODY = YES;
				CLANG_WARN_ENUM_CONVERSION = YES;
				CLANG_WARN_IMPLICIT_SIGN_CONVERSION = YES;
				CLANG_WARN_INFINITE_RECURSION = YES;
				CLANG_WARN_INT_CONVERSION = YES;
				CLANG_WARN_NON_LITERAL_NULL_CONVERSION = YES;
				CLANG_WARN_OBJC_LITERAL_CONVERSION = YES;
				CLANG_WARN_OBJC_MISSING_PROPERTY_SYNTHESIS = YES;
				CLANG_WARN_OBJC_ROOT_CLASS = YES_ERROR;
				CLANG_WARN_RANGE_LOOP_ANALYSIS = YES;
				CLANG_WARN_STRICT_PROTOTYPES = YES;
				CLANG_WARN_SUSPICIOUS_IMPLICIT_CONVERSION = YES;
				CLANG_WARN_SUSPICIOUS_MOVE = YES;
				CLANG_WARN_UNGUARDED_AVAILABILITY = YES_AGGRESSIVE;
				CLANG_WARN_UNREACHABLE_CODE = YES;
				CLANG_WARN__DUPLICATE_METHOD_MATCH = YES;
				COPY_PHASE_STRIP = NO;
				DEBUG_INFORMATION_FORMAT = "dwarf-with-dsym";
				ENABLE_NS_ASSERTIONS = NO;
				ENABLE_STRICT_OBJC_MSGSEND = YES;
				GCC_C_LANGUAGE_STANDARD = gnu11;
				GCC_NO_COMMON_BLOCKS = YES;
				GCC_TREAT_INCOMPATIBLE_POINTER_TYPE_WARNINGS_AS_ERRORS = YES;
				GCC_WARN_64_TO_32_BIT_CONVERSION = YES;
				GCC_WARN_ABOUT_MISSING_FIELD_INITIALIZERS = YES;
				GCC_WARN_ABOUT_RETURN_TYPE = YES_ERROR;
				GCC_WARN_SHADOW = YES;
				GCC_WARN_SIGN_COMPARE = YES;
				GCC_WARN_UNDECLARED_SELECTOR = YES;
				GCC_WARN_UNINITIALIZED_AUTOS = YES_AGGRESSIVE;
				GCC_WARN_UNUSED_FUNCTION = YES;
				GCC_WARN_UNUSED_LABEL = YES;
				GCC_WARN_UNUSED_PARAMETER = YES;
				GCC_WARN_UNUSED_VARIABLE = YES;
				MACOSX_DEPLOYMENT_TARGET = 10.12;
				SDKROOT = macosx;
			};
			name = Release;
		};
		A66A9DE71F02294800456347 /* Debug */ = {
			isa = XCBuildConfiguration;
			buildSettings = {
				OTHER_LDFLAGS = "-ObjC";
				PRODUCT_NAME = "$(TARGET_NAME)";
			};
			name = Debug;
		};
		A66A9DE81F02294800456347 /* Release */ = {
			isa = XCBuildConfiguration;
			buildSettings = {
				OTHER_LDFLAGS = "-ObjC";
				PRODUCT_NAME = "$(TARGET_NAME)";
			};
			name = Release;
		};
		A66A9DF61F02406F00456347 /* Debug */ = {
			isa = XCBuildConfiguration;
			buildSettings = {
				CODE_SIGN_IDENTITY = "-";
				COMBINE_HIDPI_IMAGES = YES;
				INFOPLIST_FILE = "unit tests/Info.plist";
				LD_RUNPATH_SEARCH_PATHS = "$(inherited) @executable_path/../Frameworks @loader_path/../Frameworks";
				OTHER_LDFLAGS = "-ObjC";
				PRODUCT_BUNDLE_IDENTIFIER = "net.plasticpulse.unit-tests";
				PRODUCT_NAME = "$(TARGET_NAME)";
			};
			name = Debug;
		};
		A66A9DF71F02406F00456347 /* Release */ = {
			isa = XCBuildConfiguration;
			buildSettings = {
				CODE_SIGN_IDENTITY = "-";
				COMBINE_HIDPI_IMAGES = YES;
				INFOPLIST_FILE = "unit tests/Info.plist";
				LD_RUNPATH_SEARCH_PATHS = "$(inherited) @executable_path/../Frameworks @loader_path/../Frameworks";
				OTHER_LDFLAGS = "-ObjC";
				PRODUCT_BUNDLE_IDENTIFIER = "net.plasticpulse.unit-tests";
				PRODUCT_NAME = "$(TARGET_NAME)";
			};
			name = Release;
		};
		A6E478D31F133A780081EB82 /* Debug */ = {
			isa = XCBuildConfiguration;
			buildSettings = {
				CODE_SIGN_IDENTITY = "-";
				EXECUTABLE_PREFIX = lib;
				PRODUCT_NAME = "$(TARGET_NAME)";
			};
			name = Debug;
		};
		A6E478D41F133A780081EB82 /* Release */ = {
			isa = XCBuildConfiguration;
			buildSettings = {
				CODE_SIGN_IDENTITY = "-";
				EXECUTABLE_PREFIX = lib;
				PRODUCT_NAME = "$(TARGET_NAME)";
			};
			name = Release;
		};
/* End XCBuildConfiguration section */

/* Begin XCConfigurationList section */
		A66A9DDA1F02294800456347 /* Build configuration list for PBXProject "CLKit" */ = {
			isa = XCConfigurationList;
			buildConfigurations = (
				A66A9DE41F02294800456347 /* Debug */,
				A66A9DE51F02294800456347 /* Release */,
			);
			defaultConfigurationIsVisible = 0;
			defaultConfigurationName = Release;
		};
		A66A9DE61F02294800456347 /* Build configuration list for PBXNativeTarget "clklab" */ = {
			isa = XCConfigurationList;
			buildConfigurations = (
				A66A9DE71F02294800456347 /* Debug */,
				A66A9DE81F02294800456347 /* Release */,
			);
			defaultConfigurationIsVisible = 0;
			defaultConfigurationName = Release;
		};
		A66A9DF51F02406F00456347 /* Build configuration list for PBXNativeTarget "Unit Tests" */ = {
			isa = XCConfigurationList;
			buildConfigurations = (
				A66A9DF61F02406F00456347 /* Debug */,
				A66A9DF71F02406F00456347 /* Release */,
			);
			defaultConfigurationIsVisible = 0;
			defaultConfigurationName = Release;
		};
		A6E478D51F133A780081EB82 /* Build configuration list for PBXNativeTarget "CLKit" */ = {
			isa = XCConfigurationList;
			buildConfigurations = (
				A6E478D31F133A780081EB82 /* Debug */,
				A6E478D41F133A780081EB82 /* Release */,
			);
			defaultConfigurationIsVisible = 0;
			defaultConfigurationName = Release;
		};
/* End XCConfigurationList section */
	};
	rootObject = A66A9DD71F02294800456347 /* Project object */;
}
